// !$*UTF8*$!
{
	archiveVersion = 1;
	classes = {
	};
	objectVersion = 56;
	objects = {

/* Begin PBXBuildFile section */
		46822B3F2E8F079100BB02CB /* FilaVirtualApp.swift in Sources */ = {isa = PBXBuildFile; fileRef = 46822B3E2E8F079100BB02CB /* FilaVirtualApp.swift */; };
		46822B412E8F079100BB02CB /* ContentView.swift in Sources */ = {isa = PBXBuildFile; fileRef = 46822B402E8F079100BB02CB /* ContentView.swift */; };
		46822B432E8F079200BB02CB /* Assets.xcassets in Resources */ = {isa = PBXBuildFile; fileRef = 46822B422E8F079200BB02CB /* Assets.xcassets */; };
		46822B462E8F079200BB02CB /* Preview Assets.xcassets in Resources */ = {isa = PBXBuildFile; fileRef = 46822B452E8F079200BB02CB /* Preview Assets.xcassets */; };
		46F32D3B2E9433E100DB2CA8 /* FilasProximasView.swift in Sources */ = {isa = PBXBuildFile; fileRef = 46F32D3A2E9433E100DB2CA8 /* FilasProximasView.swift */; };
		46F32D3F2E94398100DB2CA8 /* ClienteView.swift in Sources */ = {isa = PBXBuildFile; fileRef = 46F32D3E2E94398100DB2CA8 /* ClienteView.swift */; };
		46F32D412E943FDF00DB2CA8 /* MinhasFilasView.swift in Sources */ = {isa = PBXBuildFile; fileRef = 46F32D402E943FDF00DB2CA8 /* MinhasFilasView.swift */; };
		46F32D432E94444A00DB2CA8 /* FuncionarioView.swift in Sources */ = {isa = PBXBuildFile; fileRef = 46F32D422E94444A00DB2CA8 /* FuncionarioView.swift */; };
		46F32D452E9444A100DB2CA8 /* AdicionarFilaView.swift in Sources */ = {isa = PBXBuildFile; fileRef = 46F32D442E9444A100DB2CA8 /* AdicionarFilaView.swift */; };
		46F32D472E94450800DB2CA8 /* FilasCriadasView.swift in Sources */ = {isa = PBXBuildFile; fileRef = 46F32D462E94450800DB2CA8 /* FilasCriadasView.swift */; };
		46F32D492E9447DC00DB2CA8 /* EditarFilaView.swift in Sources */ = {isa = PBXBuildFile; fileRef = 46F32D482E9447DC00DB2CA8 /* EditarFilaView.swift */; };
		A18EC4F22E983EA20070F52C /* LoginClienteView.swift in Sources */ = {isa = PBXBuildFile; fileRef = A18EC4F12E983EA20070F52C /* LoginClienteView.swift */; };
		A1B351902E96D4F6008ED851 /* Montserrat-Regular.ttf in Resources */ = {isa = PBXBuildFile; fileRef = A1B3518F2E96D4F6008ED851 /* Montserrat-Regular.ttf */; };
		A1B351922E96D501008ED851 /* Montserrat-Medium.ttf in Resources */ = {isa = PBXBuildFile; fileRef = A1B351912E96D501008ED851 /* Montserrat-Medium.ttf */; };
		A1B351942E96D515008ED851 /* Montserrat-Bold.ttf in Resources */ = {isa = PBXBuildFile; fileRef = A1B351932E96D515008ED851 /* Montserrat-Bold.ttf */; };
		A1B351962E96D528008ED851 /* MontserratAlternates-Bold.ttf in Resources */ = {isa = PBXBuildFile; fileRef = A1B351952E96D528008ED851 /* MontserratAlternates-Bold.ttf */; };
		A1B351982E96D53A008ED851 /* BebasNeue-Regular.ttf in Resources */ = {isa = PBXBuildFile; fileRef = A1B351972E96D53A008ED851 /* BebasNeue-Regular.ttf */; };
		A1E408D02E96E4AA00716D2E /* EntrarFilaView.swift in Sources */ = {isa = PBXBuildFile; fileRef = A1E408CF2E96E4AA00716D2E /* EntrarFilaView.swift */; };
		A1E408D22E96F5BB00716D2E /* ColocarSenhaView.swift in Sources */ = {isa = PBXBuildFile; fileRef = A1E408D12E96F5BB00716D2E /* ColocarSenhaView.swift */; };
/* End PBXBuildFile section */

/* Begin PBXFileReference section */
		46822B3B2E8F079100BB02CB /* FilaVirtual.app */ = {isa = PBXFileReference; explicitFileType = wrapper.application; includeInIndex = 0; path = FilaVirtual.app; sourceTree = BUILT_PRODUCTS_DIR; };
		46822B3E2E8F079100BB02CB /* FilaVirtualApp.swift */ = {isa = PBXFileReference; lastKnownFileType = sourcecode.swift; path = FilaVirtualApp.swift; sourceTree = "<group>"; };
		46822B402E8F079100BB02CB /* ContentView.swift */ = {isa = PBXFileReference; lastKnownFileType = sourcecode.swift; path = ContentView.swift; sourceTree = "<group>"; };
		46822B422E8F079200BB02CB /* Assets.xcassets */ = {isa = PBXFileReference; lastKnownFileType = folder.assetcatalog; path = Assets.xcassets; sourceTree = "<group>"; };
		46822B452E8F079200BB02CB /* Preview Assets.xcassets */ = {isa = PBXFileReference; lastKnownFileType = folder.assetcatalog; path = "Preview Assets.xcassets"; sourceTree = "<group>"; };
		46F32D3A2E9433E100DB2CA8 /* FilasProximasView.swift */ = {isa = PBXFileReference; lastKnownFileType = sourcecode.swift; path = FilasProximasView.swift; sourceTree = "<group>"; };
		46F32D3E2E94398100DB2CA8 /* ClienteView.swift */ = {isa = PBXFileReference; lastKnownFileType = sourcecode.swift; path = ClienteView.swift; sourceTree = "<group>"; };
		46F32D402E943FDF00DB2CA8 /* MinhasFilasView.swift */ = {isa = PBXFileReference; lastKnownFileType = sourcecode.swift; path = MinhasFilasView.swift; sourceTree = "<group>"; };
		46F32D422E94444A00DB2CA8 /* FuncionarioView.swift */ = {isa = PBXFileReference; lastKnownFileType = sourcecode.swift; path = FuncionarioView.swift; sourceTree = "<group>"; };
		46F32D442E9444A100DB2CA8 /* AdicionarFilaView.swift */ = {isa = PBXFileReference; lastKnownFileType = sourcecode.swift; path = AdicionarFilaView.swift; sourceTree = "<group>"; };
		46F32D462E94450800DB2CA8 /* FilasCriadasView.swift */ = {isa = PBXFileReference; lastKnownFileType = sourcecode.swift; path = FilasCriadasView.swift; sourceTree = "<group>"; };
		46F32D482E9447DC00DB2CA8 /* EditarFilaView.swift */ = {isa = PBXFileReference; lastKnownFileType = sourcecode.swift; path = EditarFilaView.swift; sourceTree = "<group>"; };
		A18EC4F12E983EA20070F52C /* LoginClienteView.swift */ = {isa = PBXFileReference; lastKnownFileType = sourcecode.swift; path = LoginClienteView.swift; sourceTree = "<group>"; };
		A1B3518F2E96D4F6008ED851 /* Montserrat-Regular.ttf */ = {isa = PBXFileReference; lastKnownFileType = file; path = "Montserrat-Regular.ttf"; sourceTree = "<group>"; };
		A1B351912E96D501008ED851 /* Montserrat-Medium.ttf */ = {isa = PBXFileReference; lastKnownFileType = file; path = "Montserrat-Medium.ttf"; sourceTree = "<group>"; };
		A1B351932E96D515008ED851 /* Montserrat-Bold.ttf */ = {isa = PBXFileReference; lastKnownFileType = file; path = "Montserrat-Bold.ttf"; sourceTree = "<group>"; };
		A1B351952E96D528008ED851 /* MontserratAlternates-Bold.ttf */ = {isa = PBXFileReference; lastKnownFileType = file; path = "MontserratAlternates-Bold.ttf"; sourceTree = "<group>"; };
		A1B351972E96D53A008ED851 /* BebasNeue-Regular.ttf */ = {isa = PBXFileReference; lastKnownFileType = file; path = "BebasNeue-Regular.ttf"; sourceTree = "<group>"; };
		A1B351992E96D58B008ED851 /* Info.plist */ = {isa = PBXFileReference; lastKnownFileType = text.plist; path = Info.plist; sourceTree = "<group>"; };
		A1E408CF2E96E4AA00716D2E /* EntrarFilaView.swift */ = {isa = PBXFileReference; lastKnownFileType = sourcecode.swift; path = EntrarFilaView.swift; sourceTree = "<group>"; };
		A1E408D12E96F5BB00716D2E /* ColocarSenhaView.swift */ = {isa = PBXFileReference; lastKnownFileType = sourcecode.swift; path = ColocarSenhaView.swift; sourceTree = "<group>"; };
/* End PBXFileReference section */

/* Begin PBXFrameworksBuildPhase section */
		46822B382E8F079100BB02CB /* Frameworks */ = {
			isa = PBXFrameworksBuildPhase;
			buildActionMask = 2147483647;
			files = (
			);
			runOnlyForDeploymentPostprocessing = 0;
		};
/* End PBXFrameworksBuildPhase section */

/* Begin PBXGroup section */
		46822B322E8F079100BB02CB = {
			isa = PBXGroup;
			children = (
				46822B3D2E8F079100BB02CB /* FilaVirtual */,
				46822B3C2E8F079100BB02CB /* Products */,
			);
			sourceTree = "<group>";
		};
		46822B3C2E8F079100BB02CB /* Products */ = {
			isa = PBXGroup;
			children = (
				46822B3B2E8F079100BB02CB /* FilaVirtual.app */,
			);
			name = Products;
			sourceTree = "<group>";
		};
		46822B3D2E8F079100BB02CB /* FilaVirtual */ = {
			isa = PBXGroup;
			children = (
				A1B351892E96D40B008ED851 /* fonts */,
				A1B351992E96D58B008ED851 /* Info.plist */,
				A18EC4F12E983EA20070F52C /* LoginClienteView.swift */,
				46822B3E2E8F079100BB02CB /* FilaVirtualApp.swift */,
				46822B402E8F079100BB02CB /* ContentView.swift */,
				46F32D3E2E94398100DB2CA8 /* ClienteView.swift */,
				46F32D3A2E9433E100DB2CA8 /* FilasProximasView.swift */,
				A1E408CF2E96E4AA00716D2E /* EntrarFilaView.swift */,
				A1E408D12E96F5BB00716D2E /* ColocarSenhaView.swift */,
				46F32D402E943FDF00DB2CA8 /* MinhasFilasView.swift */,
				46F32D462E94450800DB2CA8 /* FilasCriadasView.swift */,
				46F32D442E9444A100DB2CA8 /* AdicionarFilaView.swift */,
				46F32D482E9447DC00DB2CA8 /* EditarFilaView.swift */,
				46F32D422E94444A00DB2CA8 /* FuncionarioView.swift */,
				46822B422E8F079200BB02CB /* Assets.xcassets */,
				46822B442E8F079200BB02CB /* Preview Content */,
			);
			path = FilaVirtual;
			sourceTree = "<group>";
		};
		46822B442E8F079200BB02CB /* Preview Content */ = {
			isa = PBXGroup;
			children = (
				46822B452E8F079200BB02CB /* Preview Assets.xcassets */,
			);
			path = "Preview Content";
			sourceTree = "<group>";
		};
		A1B351892E96D40B008ED851 /* fonts */ = {
			isa = PBXGroup;
			children = (
				A1B351972E96D53A008ED851 /* BebasNeue-Regular.ttf */,
				A1B351952E96D528008ED851 /* MontserratAlternates-Bold.ttf */,
				A1B351932E96D515008ED851 /* Montserrat-Bold.ttf */,
				A1B351912E96D501008ED851 /* Montserrat-Medium.ttf */,
				A1B3518F2E96D4F6008ED851 /* Montserrat-Regular.ttf */,
			);
			path = fonts;
			sourceTree = "<group>";
		};
/* End PBXGroup section */

/* Begin PBXNativeTarget section */
		46822B3A2E8F079100BB02CB /* FilaVirtual */ = {
			isa = PBXNativeTarget;
			buildConfigurationList = 46822B492E8F079200BB02CB /* Build configuration list for PBXNativeTarget "FilaVirtual" */;
			buildPhases = (
				46822B372E8F079100BB02CB /* Sources */,
				46822B382E8F079100BB02CB /* Frameworks */,
				46822B392E8F079100BB02CB /* Resources */,
			);
			buildRules = (
			);
			dependencies = (
			);
			name = FilaVirtual;
			productName = FilaVirtual;
			productReference = 46822B3B2E8F079100BB02CB /* FilaVirtual.app */;
			productType = "com.apple.product-type.application";
		};
/* End PBXNativeTarget section */

/* Begin PBXProject section */
		46822B332E8F079100BB02CB /* Project object */ = {
			isa = PBXProject;
			attributes = {
				BuildIndependentTargetsInParallel = 1;
				LastSwiftUpdateCheck = 1540;
				LastUpgradeCheck = 1540;
				TargetAttributes = {
					46822B3A2E8F079100BB02CB = {
						CreatedOnToolsVersion = 15.4;
					};
				};
			};
			buildConfigurationList = 46822B362E8F079100BB02CB /* Build configuration list for PBXProject "FilaVirtual" */;
			compatibilityVersion = "Xcode 14.0";
			developmentRegion = en;
			hasScannedForEncodings = 0;
			knownRegions = (
				en,
				Base,
			);
			mainGroup = 46822B322E8F079100BB02CB;
			productRefGroup = 46822B3C2E8F079100BB02CB /* Products */;
			projectDirPath = "";
			projectRoot = "";
			targets = (
				46822B3A2E8F079100BB02CB /* FilaVirtual */,
			);
		};
/* End PBXProject section */

/* Begin PBXResourcesBuildPhase section */
		46822B392E8F079100BB02CB /* Resources */ = {
			isa = PBXResourcesBuildPhase;
			buildActionMask = 2147483647;
			files = (
				A1B351942E96D515008ED851 /* Montserrat-Bold.ttf in Resources */,
				A1B351962E96D528008ED851 /* MontserratAlternates-Bold.ttf in Resources */,
				A1B351982E96D53A008ED851 /* BebasNeue-Regular.ttf in Resources */,
				A1B351902E96D4F6008ED851 /* Montserrat-Regular.ttf in Resources */,
				46822B462E8F079200BB02CB /* Preview Assets.xcassets in Resources */,
				A1B351922E96D501008ED851 /* Montserrat-Medium.ttf in Resources */,
				46822B432E8F079200BB02CB /* Assets.xcassets in Resources */,
			);
			runOnlyForDeploymentPostprocessing = 0;
		};
/* End PBXResourcesBuildPhase section */

/* Begin PBXSourcesBuildPhase section */
		46822B372E8F079100BB02CB /* Sources */ = {
			isa = PBXSourcesBuildPhase;
			buildActionMask = 2147483647;
			files = (
				A1E408D02E96E4AA00716D2E /* EntrarFilaView.swift in Sources */,
				A1E408D22E96F5BB00716D2E /* ColocarSenhaView.swift in Sources */,
				46822B412E8F079100BB02CB /* ContentView.swift in Sources */,
				46F32D412E943FDF00DB2CA8 /* MinhasFilasView.swift in Sources */,
				46F32D472E94450800DB2CA8 /* FilasCriadasView.swift in Sources */,
				46F32D432E94444A00DB2CA8 /* FuncionarioView.swift in Sources */,
				46F32D3B2E9433E100DB2CA8 /* FilasProximasView.swift in Sources */,
				46822B3F2E8F079100BB02CB /* FilaVirtualApp.swift in Sources */,
				46F32D3F2E94398100DB2CA8 /* ClienteView.swift in Sources */,
				A18EC4F22E983EA20070F52C /* LoginClienteView.swift in Sources */,
				46F32D492E9447DC00DB2CA8 /* EditarFilaView.swift in Sources */,
				46F32D452E9444A100DB2CA8 /* AdicionarFilaView.swift in Sources */,
			);
			runOnlyForDeploymentPostprocessing = 0;
		};
/* End PBXSourcesBuildPhase section */

/* Begin XCBuildConfiguration section */
		46822B472E8F079200BB02CB /* Debug */ = {
			isa = XCBuildConfiguration;
			buildSettings = {
				ALWAYS_SEARCH_USER_PATHS = NO;
				ASSETCATALOG_COMPILER_GENERATE_SWIFT_ASSET_SYMBOL_EXTENSIONS = YES;
				CLANG_ANALYZER_NONNULL = YES;
				CLANG_ANALYZER_NUMBER_OBJECT_CONVERSION = YES_AGGRESSIVE;
				CLANG_CXX_LANGUAGE_STANDARD = "gnu++20";
				CLANG_ENABLE_MODULES = YES;
				CLANG_ENABLE_OBJC_ARC = YES;
				CLANG_ENABLE_OBJC_WEAK = YES;
				CLANG_WARN_BLOCK_CAPTURE_AUTORELEASING = YES;
				CLANG_WARN_BOOL_CONVERSION = YES;
				CLANG_WARN_COMMA = YES;
				CLANG_WARN_CONSTANT_CONVERSION = YES;
				CLANG_WARN_DEPRECATED_OBJC_IMPLEMENTATIONS = YES;
				CLANG_WARN_DIRECT_OBJC_ISA_USAGE = YES_ERROR;
				CLANG_WARN_DOCUMENTATION_COMMENTS = YES;
				CLANG_WARN_EMPTY_BODY = YES;
				CLANG_WARN_ENUM_CONVERSION = YES;
				CLANG_WARN_INFINITE_RECURSION = YES;
				CLANG_WARN_INT_CONVERSION = YES;
				CLANG_WARN_NON_LITERAL_NULL_CONVERSION = YES;
				CLANG_WARN_OBJC_IMPLICIT_RETAIN_SELF = YES;
				CLANG_WARN_OBJC_LITERAL_CONVERSION = YES;
				CLANG_WARN_OBJC_ROOT_CLASS = YES_ERROR;
				CLANG_WARN_QUOTED_INCLUDE_IN_FRAMEWORK_HEADER = YES;
				CLANG_WARN_RANGE_LOOP_ANALYSIS = YES;
				CLANG_WARN_STRICT_PROTOTYPES = YES;
				CLANG_WARN_SUSPICIOUS_MOVE = YES;
				CLANG_WARN_UNGUARDED_AVAILABILITY = YES_AGGRESSIVE;
				CLANG_WARN_UNREACHABLE_CODE = YES;
				CLANG_WARN__DUPLICATE_METHOD_MATCH = YES;
				COPY_PHASE_STRIP = NO;
				DEBUG_INFORMATION_FORMAT = dwarf;
				ENABLE_STRICT_OBJC_MSGSEND = YES;
				ENABLE_TESTABILITY = YES;
				ENABLE_USER_SCRIPT_SANDBOXING = YES;
				GCC_C_LANGUAGE_STANDARD = gnu17;
				GCC_DYNAMIC_NO_PIC = NO;
				GCC_NO_COMMON_BLOCKS = YES;
				GCC_OPTIMIZATION_LEVEL = 0;
				GCC_PREPROCESSOR_DEFINITIONS = (
					"DEBUG=1",
					"$(inherited)",
				);
				GCC_WARN_64_TO_32_BIT_CONVERSION = YES;
				GCC_WARN_ABOUT_RETURN_TYPE = YES_ERROR;
				GCC_WARN_UNDECLARED_SELECTOR = YES;
				GCC_WARN_UNINITIALIZED_AUTOS = YES_AGGRESSIVE;
				GCC_WARN_UNUSED_FUNCTION = YES;
				GCC_WARN_UNUSED_VARIABLE = YES;
				IPHONEOS_DEPLOYMENT_TARGET = 17.5;
				LOCALIZATION_PREFERS_STRING_CATALOGS = YES;
				MTL_ENABLE_DEBUG_INFO = INCLUDE_SOURCE;
				MTL_FAST_MATH = YES;
				ONLY_ACTIVE_ARCH = YES;
				SDKROOT = iphoneos;
				SWIFT_ACTIVE_COMPILATION_CONDITIONS = "DEBUG $(inherited)";
				SWIFT_OPTIMIZATION_LEVEL = "-Onone";
			};
			name = Debug;
		};
		46822B482E8F079200BB02CB /* Release */ = {
			isa = XCBuildConfiguration;
			buildSettings = {
				ALWAYS_SEARCH_USER_PATHS = NO;
				ASSETCATALOG_COMPILER_GENERATE_SWIFT_ASSET_SYMBOL_EXTENSIONS = YES;
				CLANG_ANALYZER_NONNULL = YES;
				CLANG_ANALYZER_NUMBER_OBJECT_CONVERSION = YES_AGGRESSIVE;
				CLANG_CXX_LANGUAGE_STANDARD = "gnu++20";
				CLANG_ENABLE_MODULES = YES;
				CLANG_ENABLE_OBJC_ARC = YES;
				CLANG_ENABLE_OBJC_WEAK = YES;
				CLANG_WARN_BLOCK_CAPTURE_AUTORELEASING = YES;
				CLANG_WARN_BOOL_CONVERSION = YES;
				CLANG_WARN_COMMA = YES;
				CLANG_WARN_CONSTANT_CONVERSION = YES;
				CLANG_WARN_DEPRECATED_OBJC_IMPLEMENTATIONS = YES;
				CLANG_WARN_DIRECT_OBJC_ISA_USAGE = YES_ERROR;
				CLANG_WARN_DOCUMENTATION_COMMENTS = YES;
				CLANG_WARN_EMPTY_BODY = YES;
				CLANG_WARN_ENUM_CONVERSION = YES;
				CLANG_WARN_INFINITE_RECURSION = YES;
				CLANG_WARN_INT_CONVERSION = YES;
				CLANG_WARN_NON_LITERAL_NULL_CONVERSION = YES;
				CLANG_WARN_OBJC_IMPLICIT_RETAIN_SELF = YES;
				CLANG_WARN_OBJC_LITERAL_CONVERSION = YES;
				CLANG_WARN_OBJC_ROOT_CLASS = YES_ERROR;
				CLANG_WARN_QUOTED_INCLUDE_IN_FRAMEWORK_HEADER = YES;
				CLANG_WARN_RANGE_LOOP_ANALYSIS = YES;
				CLANG_WARN_STRICT_PROTOTYPES = YES;
				CLANG_WARN_SUSPICIOUS_MOVE = YES;
				CLANG_WARN_UNGUARDED_AVAILABILITY = YES_AGGRESSIVE;
				CLANG_WARN_UNREACHABLE_CODE = YES;
				CLANG_WARN__DUPLICATE_METHOD_MATCH = YES;
				COPY_PHASE_STRIP = NO;
				DEBUG_INFORMATION_FORMAT = "dwarf-with-dsym";
				ENABLE_NS_ASSERTIONS = NO;
				ENABLE_STRICT_OBJC_MSGSEND = YES;
				ENABLE_USER_SCRIPT_SANDBOXING = YES;
				GCC_C_LANGUAGE_STANDARD = gnu17;
				GCC_NO_COMMON_BLOCKS = YES;
				GCC_WARN_64_TO_32_BIT_CONVERSION = YES;
				GCC_WARN_ABOUT_RETURN_TYPE = YES_ERROR;
				GCC_WARN_UNDECLARED_SELECTOR = YES;
				GCC_WARN_UNINITIALIZED_AUTOS = YES_AGGRESSIVE;
				GCC_WARN_UNUSED_FUNCTION = YES;
				GCC_WARN_UNUSED_VARIABLE = YES;
				IPHONEOS_DEPLOYMENT_TARGET = 17.5;
				LOCALIZATION_PREFERS_STRING_CATALOGS = YES;
				MTL_ENABLE_DEBUG_INFO = NO;
				MTL_FAST_MATH = YES;
				SDKROOT = iphoneos;
				SWIFT_COMPILATION_MODE = wholemodule;
				VALIDATE_PRODUCT = YES;
			};
			name = Release;
		};
		46822B4A2E8F079200BB02CB /* Debug */ = {
			isa = XCBuildConfiguration;
			buildSettings = {
				ASSETCATALOG_COMPILER_APPICON_NAME = AppIcon;
				ASSETCATALOG_COMPILER_GLOBAL_ACCENT_COLOR_NAME = AccentColor;
				CODE_SIGN_STYLE = Automatic;
				CURRENT_PROJECT_VERSION = 1;
				DEVELOPMENT_ASSET_PATHS = "\"FilaVirtual/Preview Content\"";
				ENABLE_PREVIEWS = YES;
				GENERATE_INFOPLIST_FILE = YES;
				INFOPLIST_FILE = FilaVirtual/Info.plist;
				INFOPLIST_KEY_UIApplicationSceneManifest_Generation = YES;
				INFOPLIST_KEY_UIApplicationSupportsIndirectInputEvents = YES;
				INFOPLIST_KEY_UILaunchScreen_Generation = YES;
				INFOPLIST_KEY_UISupportedInterfaceOrientations_iPad = "UIInterfaceOrientationPortrait UIInterfaceOrientationPortraitUpsideDown UIInterfaceOrientationLandscapeLeft UIInterfaceOrientationLandscapeRight";
				INFOPLIST_KEY_UISupportedInterfaceOrientations_iPhone = "UIInterfaceOrientationPortrait UIInterfaceOrientationLandscapeLeft UIInterfaceOrientationLandscapeRight";
				LD_RUNPATH_SEARCH_PATHS = (
					"$(inherited)",
					"@executable_path/Frameworks",
				);
				MARKETING_VERSION = 1.0;
				PRODUCT_BUNDLE_IDENTIFIER = santosrenan.FilaVirtual;
				PRODUCT_NAME = "$(TARGET_NAME)";
				SWIFT_EMIT_LOC_STRINGS = YES;
				SWIFT_VERSION = 5.0;
				TARGETED_DEVICE_FAMILY = "1,2";
			};
			name = Debug;
		};
		46822B4B2E8F079200BB02CB /* Release */ = {
			isa = XCBuildConfiguration;
			buildSettings = {
				ASSETCATALOG_COMPILER_APPICON_NAME = AppIcon;
				ASSETCATALOG_COMPILER_GLOBAL_ACCENT_COLOR_NAME = AccentColor;
				CODE_SIGN_STYLE = Automatic;
				CURRENT_PROJECT_VERSION = 1;
				DEVELOPMENT_ASSET_PATHS = "\"FilaVirtual/Preview Content\"";
				ENABLE_PREVIEWS = YES;
				GENERATE_INFOPLIST_FILE = YES;
				INFOPLIST_FILE = FilaVirtual/Info.plist;
				INFOPLIST_KEY_UIApplicationSceneManifest_Generation = YES;
				INFOPLIST_KEY_UIApplicationSupportsIndirectInputEvents = YES;
				INFOPLIST_KEY_UILaunchScreen_Generation = YES;
				INFOPLIST_KEY_UISupportedInterfaceOrientations_iPad = "UIInterfaceOrientationPortrait UIInterfaceOrientationPortraitUpsideDown UIInterfaceOrientationLandscapeLeft UIInterfaceOrientationLandscapeRight";
				INFOPLIST_KEY_UISupportedInterfaceOrientations_iPhone = "UIInterfaceOrientationPortrait UIInterfaceOrientationLandscapeLeft UIInterfaceOrientationLandscapeRight";
				LD_RUNPATH_SEARCH_PATHS = (
					"$(inherited)",
					"@executable_path/Frameworks",
				);
				MARKETING_VERSION = 1.0;
				PRODUCT_BUNDLE_IDENTIFIER = santosrenan.FilaVirtual;
				PRODUCT_NAME = "$(TARGET_NAME)";
				SWIFT_EMIT_LOC_STRINGS = YES;
				SWIFT_VERSION = 5.0;
				TARGETED_DEVICE_FAMILY = "1,2";
			};
			name = Release;
		};
/* End XCBuildConfiguration section */

/* Begin XCConfigurationList section */
		46822B362E8F079100BB02CB /* Build configuration list for PBXProject "FilaVirtual" */ = {
			isa = XCConfigurationList;
			buildConfigurations = (
				46822B472E8F079200BB02CB /* Debug */,
				46822B482E8F079200BB02CB /* Release */,
			);
			defaultConfigurationIsVisible = 0;
			defaultConfigurationName = Release;
		};
		46822B492E8F079200BB02CB /* Build configuration list for PBXNativeTarget "FilaVirtual" */ = {
			isa = XCConfigurationList;
			buildConfigurations = (
				46822B4A2E8F079200BB02CB /* Debug */,
				46822B4B2E8F079200BB02CB /* Release */,
			);
			defaultConfigurationIsVisible = 0;
			defaultConfigurationName = Release;
		};
/* End XCConfigurationList section */
	};
	rootObject = 46822B332E8F079100BB02CB /* Project object */;
}
